
Microsoft Visual Studio Solution File, Format Version 12.00
# Visual Studio 15
VisualStudioVersion = 15.0.27428.2043
MinimumVisualStudioVersion = 10.0.40219.1
Project("{FAE04EC0-301F-11D3-BF4B-00C04F79EFBC}") = "LetterGrade", "LetterGrade\LetterGrade.csproj", "{C937323B-29E3-4DA1-AAAD-1CC7495E3502}"
EndProject
Global
	GlobalSection(SolutionConfigurationPlatforms) = preSolution
		Debug|Any CPU = Debug|Any CPU
		Release|Any CPU = Release|Any CPU
	EndGlobalSection
	GlobalSection(ProjectConfigurationPlatforms) = postSolution
		{C937323B-29E3-4DA1-AAAD-1CC7495E3502}.Debug|Any CPU.ActiveCfg = Debug|Any CPU
		{C937323B-29E3-4DA1-AAAD-1CC7495E3502}.Debug|Any CPU.Build.0 = Debug|Any CPU
		{C937323B-29E3-4DA1-AAAD-1CC7495E3502}.Release|Any CPU.ActiveCfg = Release|Any CPU
		{C937323B-29E3-4DA1-AAAD-1CC7495E3502}.Release|Any CPU.Build.0 = Release|Any CPU
	EndGlobalSection
	GlobalSection(SolutionProperties) = preSolution
		HideSolutionNode = FALSE
	EndGlobalSection
	GlobalSection(ExtensibilityGlobals) = postSolution
		SolutionGuid = {681CF6D0-F885-419C-A362-A2F7C3333341}
	EndGlobalSection
EndGlobal
